github.com/nucleuskit/cap v0.1.0-alpha.2 h1:UnBp5ezoi+UrgT92DwpTdQynrEnUNnsf3rQKB0pNfPw=
github.com/nucleuskit/cap v0.1.0-alpha.2/go.mod h1:DLSQmS/6irYQfpWGJjce9+STvqG33yZMCxkwvdLf7XM=
github.com/nucleuskit/core v0.1.0-alpha.2 h1:CT4RJvCYtVNo0+Gqyf5zx4T90dBiXq4JVhQxEKBXyJ8=
github.com/nucleuskit/core v0.1.0-alpha.2/go.mod h1:fwIlIS28wLh/VQ/jhR4TgrZcrN1nOgrAxSYYYWRdEYk=
github.com/robfig/cron/v3 v3.0.1 h1:WdRxkvbJztn8LMz/QEvLN5sBU+xKpSqwwUO1Pjr4qDs=
github.com/robfig/cron/v3 v3.0.1/go.mod h1:eQICP3HwyT7UooqI/z+Ov+PtYAWygg1TEWWzGIFLtro=
